<?xml version="1.0" encoding="utf-8"?>
<Project ToolsVersion="4.0" xmlns="http://schemas.microsoft.com/developer/msbuild/2003">
  <ItemGroup>
    <Filter Include="src">
      <UniqueIdentifier>{39dbd752-e45e-4b83-8328-fa8f6a90fe2b}</UniqueIdentifier>
    </Filter>
    <Filter Include="assets">
      <UniqueIdentifier>{5c8a55e8-539a-45c6-be61-137c6613e02e}</UniqueIdentifier>
    </Filter>
    <Filter Include="docs">
      <UniqueIdentifier>{4decaa02-8de7-47ef-8a76-4aec5cb95dbc}</UniqueIdentifier>
    </Filter>
    <Filter Include="assets\shaders">
      <UniqueIdentifier>{9481183f-d339-4792-b51d-6bd409aaf12b}</UniqueIdentifier>
    </Filter>
    <Filter Include="src\lab">
      <UniqueIdentifier>{d0d07f51-7cd0-4b5c-835f-58932a58d34b}</UniqueIdentifier>
    </Filter>
    <Filter Include="src\camera">
      <UniqueIdentifier>{5563e104-fe76-4060-be1a-b64a0d1f9533}</UniqueIdentifier>
    </Filter>
    <Filter Include="src\input">
      <UniqueIdentifier>{6133063d-9a0d-4108-9cb8-f880b9ee1b27}</UniqueIdentifier>
    </Filter>
    <Filter Include="src\renderer">
      <UniqueIdentifier>{6715d97b-44fa-43f9-b812-e97d519fdacd}</UniqueIdentifier>
    </Filter>
    <Filter Include="external">
      <UniqueIdentifier>{1ea69fb5-45a8-4c90-8d2f-b0c352f1ce00}</UniqueIdentifier>
    </Filter>
    <Filter Include="external\Glad">
      <UniqueIdentifier>{fb132837-6f93-4091-a687-931b163b8433}</UniqueIdentifier>
    </Filter>
    <Filter Include="external\ImGui">
      <UniqueIdentifier>{83eeb365-445a-4ba1-87ea-e087a8da8e2b}</UniqueIdentifier>
    </Filter>
    <Filter Include="external\ImGui\backends">
      <UniqueIdentifier>{f13a3c5d-94b4-4680-b426-769058210aef}</UniqueIdentifier>
    </Filter>
    <Filter Include="src\fields">
      <UniqueIdentifier>{b7e7a3bf-e42a-424b-bff5-883262dec181}</UniqueIdentifier>
    </Filter>
    <Filter Include="src\geometry">
      <UniqueIdentifier>{53e5f243-6b97-4807-b321-c64751f2b27e}</UniqueIdentifier>
    </Filter>
    <Filter Include="src\lab_world">
      <UniqueIdentifier>{a76ce95f-4001-415f-a12e-f40f52d6a9bd}</UniqueIdentifier>
    </Filter>
    <Filter Include="src\chunk">
      <UniqueIdentifier>{2b64d6f6-5940-4145-9ad0-8b0f1c0de2f0}</UniqueIdentifier>
    </Filter>
    <Filter Include="src\surface_ref">
      <UniqueIdentifier>{a1d4230b-e570-45d8-96a7-7ddc6f560384}</UniqueIdentifier>
    </Filter>
    <Filter Include="src\surface_ref\marching_tetrahedra">
      <UniqueIdentifier>{64499eeb-4761-4177-8091-25b6554d8bbc}</UniqueIdentifier>
    </Filter>
    <Filter Include="src\surface">
      <UniqueIdentifier>{2b85d7ad-6177-4efd-ab6b-7b4e5e1eb7f8}</UniqueIdentifier>
    </Filter>
    <Filter Include="src\math">
      <UniqueIdentifier>{660d43e1-74da-47bc-9612-0bfd4237c582}</UniqueIdentifier>
    </Filter>
    <Filter Include="src\experiments">
      <UniqueIdentifier>{39b8fcb0-ca7b-4fc6-843f-c648fd15081a}</UniqueIdentifier>
    </Filter>
    <Filter Include="src\experiments\xz_columnar">
      <UniqueIdentifier>{ab357794-6d88-435d-99c7-41950e347aac}</UniqueIdentifier>
    </Filter>
    <Filter Include="src\lab_debug">
      <UniqueIdentifier>{528f62a9-9979-4647-9957-05bd0cd62c9d}</UniqueIdentifier>
    </Filter>
  </ItemGroup>
  <ItemGroup>
    <None Include="assets\shaders\color.frag">
      <Filter>assets\shaders</Filter>
    </None>
    <None Include="assets\shaders\color.vert">
      <Filter>assets\shaders</Filter>
    </None>
    <None Include="docs\code_conventions.md">
      <Filter>docs</Filter>
    </None>
    <None Include="docs\module_contracts.md">
      <Filter>docs</Filter>
    </None>
    <None Include="docs\todo.md">
      <Filter>docs</Filter>
    </None>
  </ItemGroup>
  <ItemGroup>
    <ClCompile Include="src\main.cpp">
      <Filter>src</Filter>
    </ClCompile>
    <ClCompile Include="src\lab\active_experiment.cpp">
      <Filter>src\lab</Filter>
    </ClCompile>
    <ClCompile Include="src\camera\camera_math.cpp">
      <Filter>src\camera</Filter>
    </ClCompile>
    <ClCompile Include="src\camera\dev_camera.cpp">
      <Filter>src\camera</Filter>
    </ClCompile>
    <ClCompile Include="src\input\input.cpp">
      <Filter>src\input</Filter>
    </ClCompile>
    <ClCompile Include="src\renderer\gpu_mesh.cpp">
      <Filter>src\renderer</Filter>
    </ClCompile>
    <ClCompile Include="src\renderer\renderer.cpp">
      <Filter>src\renderer</Filter>
    </ClCompile>
    <ClCompile Include="src\renderer\shader.cpp">
      <Filter>src\renderer</Filter>
    </ClCompile>
    <ClCompile Include="external\glad\glad.c">
      <Filter>external\Glad</Filter>
    </ClCompile>
    <ClCompile Include="external\imgui\imgui.cpp">
      <Filter>external\ImGui</Filter>
    </ClCompile>
    <ClCompile Include="external\imgui\imgui_demo.cpp">
      <Filter>external\ImGui</Filter>
    </ClCompile>
    <ClCompile Include="external\imgui\imgui_draw.cpp">
      <Filter>external\ImGui</Filter>
    </ClCompile>
    <ClCompile Include="external\imgui\imgui_tables.cpp">
      <Filter>external\ImGui</Filter>
    </ClCompile>
    <ClCompile Include="external\imgui\imgui_widgets.cpp">
      <Filter>external\ImGui</Filter>
    </ClCompile>
    <ClCompile Include="external\imgui\backends\imgui_impl_glfw.cpp">
      <Filter>external\ImGui\backends</Filter>
    </ClCompile>
    <ClCompile Include="external\imgui\backends\imgui_impl_opengl3.cpp">
      <Filter>external\ImGui\backends</Filter>
    </ClCompile>
    <ClCompile Include="src\lab\lab.cpp">
      <Filter>src\lab</Filter>
    </ClCompile>
    <ClCompile Include="src\fields\density_field.cpp">
      <Filter>src\fields</Filter>
    </ClCompile>
    <ClCompile Include="src\fields\field_generators.cpp">
      <Filter>src\fields</Filter>
    </ClCompile>
    <ClCompile Include="src\lab_world\lab_world.cpp">
      <Filter>src\lab_world</Filter>
    </ClCompile>
    <ClCompile Include="src\geometry\voxel_topology.cpp">
      <Filter>src\geometry</Filter>
    </ClCompile>
    <ClCompile Include="src\chunk\chunk.cpp">
      <Filter>src\chunk</Filter>
    </ClCompile>
    <ClCompile Include="src\chunk\chunk_sampling.cpp">
      <Filter>src\chunk</Filter>
    </ClCompile>
    <ClCompile Include="src\surface_ref\marching_tetrahedra\tetrahedra_builder.cpp">
      <Filter>src\surface_ref\marching_tetrahedra</Filter>
    </ClCompile>
    <ClCompile Include="src\surface_ref\surface_ref.cpp">
      <Filter>src\surface_ref</Filter>
    </ClCompile>
    <ClCompile Include="src\surface\surface_map.cpp">
      <Filter>src\surface</Filter>
    </ClCompile>
    <ClCompile Include="src\math\noise.cpp">
      <Filter>src\math</Filter>
    </ClCompile>
    <ClCompile Include="src\experiments\xz_columnar\xz_columnar_builder.cpp">
      <Filter>src\experiments\xz_columnar</Filter>
    </ClCompile>
    <ClCompile Include="src\experiments\xz_columnar\xz_columnar_experiment.cpp">
      <Filter>src\experiments\xz_columnar</Filter>
    </ClCompile>
    <ClCompile Include="src\lab_debug\surface_chunk_wireframes.cpp">
      <Filter>src\lab_debug</Filter>
    </ClCompile>
  </ItemGroup>
  <ItemGroup>
    <ClInclude Include="src\lab\active_experiment.h">
      <Filter>src\lab</Filter>
    </ClInclude>
    <ClInclude Include="src\camera\camera_math.h">
      <Filter>src\camera</Filter>
    </ClInclude>
    <ClInclude Include="src\camera\dev_camera.h">
      <Filter>src\camera</Filter>
    </ClInclude>
    <ClInclude Include="src\input\input.h">
      <Filter>src\input</Filter>
    </ClInclude>
    <ClInclude Include="src\renderer\gpu_mesh.h">
      <Filter>src\renderer</Filter>
    </ClInclude>
    <ClInclude Include="src\renderer\renderer.h">
      <Filter>src\renderer</Filter>
    </ClInclude>
    <ClInclude Include="src\renderer\shader.h">
      <Filter>src\renderer</Filter>
    </ClInclude>
    <ClInclude Include="src\lab\lab.h">
      <Filter>src\lab</Filter>
    </ClInclude>
    <ClInclude Include="src\renderer\render_vertex.h">
      <Filter>src\renderer</Filter>
    </ClInclude>
    <ClInclude Include="src\fields\density_field.h">
      <Filter>src\fields</Filter>
    </ClInclude>
    <ClInclude Include="src\fields\field_generators.h">
      <Filter>src\fields</Filter>
    </ClInclude>
    <ClInclude Include="src\lab_world\lab_world.h">
      <Filter>src\lab_world</Filter>
    </ClInclude>
    <ClInclude Include="src\lab_world\lab_world_constants.h">
      <Filter>src\lab_world</Filter>
    </ClInclude>
    <ClInclude Include="src\geometry\voxel_topology.h">
      <Filter>src\geometry</Filter>
    </ClInclude>
    <ClInclude Include="src\lab_world\lab_world_coordinates.h">
      <Filter>src\lab_world</Filter>
    </ClInclude>
    <ClInclude Include="src\chunk\chunk.h">
      <Filter>src\chunk</Filter>
    </ClInclude>
    <ClInclude Include="src\chunk\chunk_sampling.h">
      <Filter>src\chunk</Filter>
    </ClInclude>
    <ClInclude Include="src\surface_ref\marching_tetrahedra\tetrahedra_builder.h">
      <Filter>src\surface_ref\marching_tetrahedra</Filter>
    </ClInclude>
    <ClInclude Include="src\surface_ref\marching_tetrahedra\tetrahedra_tables.h">
      <Filter>src\surface_ref\marching_tetrahedra</Filter>
    </ClInclude>
    <ClInclude Include="src\surface_ref\surface_ref.h">
      <Filter>src\surface_ref</Filter>
    </ClInclude>
    <ClInclude Include="src\surface\surface_map.h">
      <Filter>src\surface</Filter>
    </ClInclude>
    <ClInclude Include="src\math\math_utils.h">
      <Filter>src\math</Filter>
    </ClInclude>
    <ClInclude Include="src\math\noise.h">
      <Filter>src\math</Filter>
    </ClInclude>
    <ClInclude Include="src\experiments\xz_columnar\xz_columnar_builder.h">
      <Filter>src\experiments\xz_columnar</Filter>
    </ClInclude>
    <ClInclude Include="src\experiments\xz_columnar\xz_columnar_experiment.h">
      <Filter>src\experiments\xz_columnar</Filter>
    </ClInclude>
    <ClInclude Include="src\lab_debug\surface_chunk_wireframes.h">
      <Filter>src\lab_debug</Filter>
    </ClInclude>
  </ItemGroup>
</Project>